
Microsoft Visual Studio Solution File, Format Version 12.00
Project("{FAE04EC0-301F-11D3-BF4B-00C04F79EFBC}") = "unity-module-diagnostics", "unity-module-diagnostics.csproj", "{210836FF-3F21-4F9D-938B-B4254E58E294}"
EndProject
Global
	GlobalSection(SolutionConfigurationPlatforms) = preSolution
		Debug|Any CPU = Debug|Any CPU
		Release|Any CPU = Release|Any CPU
	EndGlobalSection
	GlobalSection(ProjectConfigurationPlatforms) = postSolution
		{210836FF-3F21-4F9D-938B-B4254E58E294}.Debug|Any CPU.ActiveCfg = Debug|Any CPU
		{210836FF-3F21-4F9D-938B-B4254E58E294}.Debug|Any CPU.Build.0 = Debug|Any CPU
		{210836FF-3F21-4F9D-938B-B4254E58E294}.Release|Any CPU.ActiveCfg = Release|Any CPU
		{210836FF-3F21-4F9D-938B-B4254E58E294}.Release|Any CPU.Build.0 = Release|Any CPU
	EndGlobalSection
EndGlobal
